
Microsoft Visual Studio Solution File, Format Version 12.00
# Visual Studio Version 16
VisualStudioVersion = 16.0.30002.166
MinimumVisualStudioVersion = 10.0.40219.1
Project("{FAE04EC0-301F-11D3-BF4B-00C04F79EFBC}") = "CharacterOutfitChanger", "randomThing\CharacterOutfitChanger.csproj", "{129E0B90-C663-4AF8-8283-999F3A5F291E}"
EndProject
Global
	GlobalSection(SolutionConfigurationPlatforms) = preSolution
		Debug|Any CPU = Debug|Any CPU
		Release|Any CPU = Release|Any CPU
	EndGlobalSection
	GlobalSection(ProjectConfigurationPlatforms) = postSolution
		{129E0B90-C663-4AF8-8283-999F3A5F291E}.Debug|Any CPU.ActiveCfg = Debug|Any CPU
		{129E0B90-C663-4AF8-8283-999F3A5F291E}.Debug|Any CPU.Build.0 = Debug|Any CPU
		{129E0B90-C663-4AF8-8283-999F3A5F291E}.Release|Any CPU.ActiveCfg = Release|Any CPU
		{129E0B90-C663-4AF8-8283-999F3A5F291E}.Release|Any CPU.Build.0 = Release|Any CPU
	EndGlobalSection
	GlobalSection(SolutionProperties) = preSolution
		HideSolutionNode = FALSE
	EndGlobalSection
	GlobalSection(ExtensibilityGlobals) = postSolution
		SolutionGuid = {9ECFD6E0-B8A4-45EE-9125-E12880737075}
	EndGlobalSection
EndGlobal
